
Microsoft Visual Studio Solution File, Format Version 12.00
# Visual Studio Version 16
VisualStudioVersion = 16.0.33423.256
MinimumVisualStudioVersion = 10.0.40219.1
Project("{8BC9CEB8-8B4A-11D0-8D11-00A0C91BC942}") = "DTWAIN_DLL", "dtwain_5_4_vs2019.vcxproj", "{CCA03A98-B8AB-41CA-985F-4100371FE5ED}"
	ProjectSection(ProjectDependencies) = postProject
		{C39F4B46-6E89-4074-902E-CA57073044D2} = {C39F4B46-6E89-4074-902E-CA57073044D2}
		{9E219DF2-315D-478E-8A07-8960C377CE1E} = {9E219DF2-315D-478E-8A07-8960C377CE1E}
	EndProjectSection
EndProject
Project("{8BC9CEB8-8B4A-11D0-8D11-00A0C91BC942}") = "FreeImageLib", "FreeImage\Source\FreeImageLib\FreeImageLib.vcxproj", "{9E219DF2-315D-478E-8A07-8960C377CE1E}"
	ProjectSection(ProjectDependencies) = postProject
		{C39F4B46-6E89-4074-902E-CA57073044D2} = {C39F4B46-6E89-4074-902E-CA57073044D2}
	EndProjectSection
EndProject
Project("{8BC9CEB8-8B4A-11D0-8D11-00A0C91BC942}") = "LibJPEG", "FreeImage\Source\LibJPEG\LibJPEG.vcxproj", "{5E1D4E5F-E10C-4BA3-B663-F33014FD21D9}"
EndProject
Project("{8BC9CEB8-8B4A-11D0-8D11-00A0C91BC942}") = "LibOpenJPEG", "FreeImage\Source\LibOpenJPEG\LibOpenJPEG.vcxproj", "{E3536C28-A7F1-4B53-8E52-7D2232F9E098}"
EndProject
Project("{8BC9CEB8-8B4A-11D0-8D11-00A0C91BC942}") = "LibPNG", "FreeImage\Source\LibPNG\LibPNG.vcxproj", "{7DB10B50-CE00-4D7A-B322-6824F05D2FCB}"
EndProject
Project("{8BC9CEB8-8B4A-11D0-8D11-00A0C91BC942}") = "LibTIFF4", "FreeImage\Source\LibTIFF4\LibTIFF4.vcxproj", "{EC085CBD-E9C3-477F-9A97-CB9D5DA30E27}"
EndProject
Project("{8BC9CEB8-8B4A-11D0-8D11-00A0C91BC942}") = "LibWebP", "FreeImage\Source\LibWebP\LibWebP.vcxproj", "{097D9F6C-FD0E-4CBC-9676-009012AAECA8}"
EndProject
Project("{8BC9CEB8-8B4A-11D0-8D11-00A0C91BC942}") = "ZLib", "FreeImage\Source\ZLib\ZLib.vcxproj", "{33134F61-C1AD-4B6F-9CEA-503A9F140C52}"
EndProject
Project("{2150E333-8FDC-42A3-9474-1A3956D46DE8}") = "cryptolib", "cryptolib", "{EF6B627C-B730-47AB-927D-74AE7E36BFBB}"
EndProject
Project("{8BC9CEB8-8B4A-11D0-8D11-00A0C91BC942}") = "cryptlib", "cryptolib\cryptlib.vcxproj", "{C39F4B46-6E89-4074-902E-CA57073044D2}"
EndProject
Project("{2150E333-8FDC-42A3-9474-1A3956D46DE8}") = "DTWAIN_Base_DLL", "DTWAIN_Base_DLL", "{E9BD1B67-D11D-4403-9D3C-76832FCC81EA}"
EndProject
Project("{2150E333-8FDC-42A3-9474-1A3956D46DE8}") = "FreeImage", "FreeImage", "{CF6E57BB-B43C-4DB4-AE6C-8A5A5BD71691}"
EndProject
Project("{2150E333-8FDC-42A3-9474-1A3956D46DE8}") = "C Demo", "C Demo", "{A8735953-53A3-4A2D-BABC-9DD793265C68}"
EndProject
Project("{8BC9CEB8-8B4A-11D0-8D11-00A0C91BC942}") = "DTWDEMO", "Examples\c\dtwdemo\DTWDEMO.vcxproj", "{C9174FAA-B3D0-4732-9A9B-283441477092}"
	ProjectSection(ProjectDependencies) = postProject
		{CCA03A98-B8AB-41CA-985F-4100371FE5ED} = {CCA03A98-B8AB-41CA-985F-4100371FE5ED}
	EndProjectSection
EndProject
Global
	GlobalSection(SolutionConfigurationPlatforms) = preSolution
		Win32_DTWAINDLL_D|Win32 = Win32_DTWAINDLL_D|Win32
		Win32_DTWAINDLL_D|x64 = Win32_DTWAINDLL_D|x64
		Win32_DTWAINDLL_U_D|Win32 = Win32_DTWAINDLL_U_D|Win32
		Win32_DTWAINDLL_U_D|x64 = Win32_DTWAINDLL_U_D|x64
		Win32_DTWAINDLL_U|Win32 = Win32_DTWAINDLL_U|Win32
		Win32_DTWAINDLL_U|x64 = Win32_DTWAINDLL_U|x64
		Win32_DTWAINDLL|Win32 = Win32_DTWAINDLL|Win32
		Win32_DTWAINDLL|x64 = Win32_DTWAINDLL|x64
		Win64_DTWAINDLL_D|Win32 = Win64_DTWAINDLL_D|Win32
		Win64_DTWAINDLL_D|x64 = Win64_DTWAINDLL_D|x64
		Win64_DTWAINDLL_U_D|Win32 = Win64_DTWAINDLL_U_D|Win32
		Win64_DTWAINDLL_U_D|x64 = Win64_DTWAINDLL_U_D|x64
		Win64_DTWAINDLL_U|Win32 = Win64_DTWAINDLL_U|Win32
		Win64_DTWAINDLL_U|x64 = Win64_DTWAINDLL_U|x64
		Win64_DTWAINDLL|Win32 = Win64_DTWAINDLL|Win32
		Win64_DTWAINDLL|x64 = Win64_DTWAINDLL|x64
	EndGlobalSection
	GlobalSection(ProjectConfigurationPlatforms) = postSolution
		{CCA03A98-B8AB-41CA-985F-4100371FE5ED}.Win32_DTWAINDLL_D|Win32.ActiveCfg = Win32_DTWAINDLL_D|Win32
		{CCA03A98-B8AB-41CA-985F-4100371FE5ED}.Win32_DTWAINDLL_D|Win32.Build.0 = Win32_DTWAINDLL_D|Win32
		{CCA03A98-B8AB-41CA-985F-4100371FE5ED}.Win32_DTWAINDLL_D|x64.ActiveCfg = Win32_DTWAINDLL_D|Win32
		{CCA03A98-B8AB-41CA-985F-4100371FE5ED}.Win32_DTWAINDLL_U_D|Win32.ActiveCfg = Win32_DTWAINDLL_U_D|Win32
		{CCA03A98-B8AB-41CA-985F-4100371FE5ED}.Win32_DTWAINDLL_U_D|Win32.Build.0 = Win32_DTWAINDLL_U_D|Win32
		{CCA03A98-B8AB-41CA-985F-4100371FE5ED}.Win32_DTWAINDLL_U_D|x64.ActiveCfg = Win32_DTWAINDLL_U_D|Win32
		{CCA03A98-B8AB-41CA-985F-4100371FE5ED}.Win32_DTWAINDLL_U|Win32.ActiveCfg = Win32_DTWAINDLL_U|Win32
		{CCA03A98-B8AB-41CA-985F-4100371FE5ED}.Win32_DTWAINDLL_U|Win32.Build.0 = Win32_DTWAINDLL_U|Win32
		{CCA03A98-B8AB-41CA-985F-4100371FE5ED}.Win32_DTWAINDLL_U|x64.ActiveCfg = Win32_DTWAINDLL_U|Win32
		{CCA03A98-B8AB-41CA-985F-4100371FE5ED}.Win32_DTWAINDLL|Win32.ActiveCfg = Win32_DTWAINDLL|Win32
		{CCA03A98-B8AB-41CA-985F-4100371FE5ED}.Win32_DTWAINDLL|Win32.Build.0 = Win32_DTWAINDLL|Win32
		{CCA03A98-B8AB-41CA-985F-4100371FE5ED}.Win32_DTWAINDLL|x64.ActiveCfg = Win32_DTWAINDLL|Win32
		{CCA03A98-B8AB-41CA-985F-4100371FE5ED}.Win64_DTWAINDLL_D|Win32.ActiveCfg = Win64_DTWAINDLL_D|x64
		{CCA03A98-B8AB-41CA-985F-4100371FE5ED}.Win64_DTWAINDLL_D|x64.ActiveCfg = Win64_DTWAINDLL_D|x64
		{CCA03A98-B8AB-41CA-985F-4100371FE5ED}.Win64_DTWAINDLL_D|x64.Build.0 = Win64_DTWAINDLL_D|x64
		{CCA03A98-B8AB-41CA-985F-4100371FE5ED}.Win64_DTWAINDLL_U_D|Win32.ActiveCfg = Win64_DTWAINDLL_U_D|x64
		{CCA03A98-B8AB-41CA-985F-4100371FE5ED}.Win64_DTWAINDLL_U_D|x64.ActiveCfg = Win64_DTWAINDLL_U_D|x64
		{CCA03A98-B8AB-41CA-985F-4100371FE5ED}.Win64_DTWAINDLL_U_D|x64.Build.0 = Win64_DTWAINDLL_U_D|x64
		{CCA03A98-B8AB-41CA-985F-4100371FE5ED}.Win64_DTWAINDLL_U|Win32.ActiveCfg = Win64_DTWAINDLL_U|x64
		{CCA03A98-B8AB-41CA-985F-4100371FE5ED}.Win64_DTWAINDLL_U|x64.ActiveCfg = Win64_DTWAINDLL_U|x64
		{CCA03A98-B8AB-41CA-985F-4100371FE5ED}.Win64_DTWAINDLL_U|x64.Build.0 = Win64_DTWAINDLL_U|x64
		{CCA03A98-B8AB-41CA-985F-4100371FE5ED}.Win64_DTWAINDLL|Win32.ActiveCfg = Win64_DTWAINDLL|x64
		{CCA03A98-B8AB-41CA-985F-4100371FE5ED}.Win64_DTWAINDLL|x64.ActiveCfg = Win64_DTWAINDLL|x64
		{CCA03A98-B8AB-41CA-985F-4100371FE5ED}.Win64_DTWAINDLL|x64.Build.0 = Win64_DTWAINDLL|x64
		{9E219DF2-315D-478E-8A07-8960C377CE1E}.Win32_DTWAINDLL_D|Win32.ActiveCfg = Debug|Win32
		{9E219DF2-315D-478E-8A07-8960C377CE1E}.Win32_DTWAINDLL_D|Win32.Build.0 = Debug|Win32
		{9E219DF2-315D-478E-8A07-8960C377CE1E}.Win32_DTWAINDLL_D|x64.ActiveCfg = DebugU|x64
		{9E219DF2-315D-478E-8A07-8960C377CE1E}.Win32_DTWAINDLL_D|x64.Build.0 = DebugU|x64
		{9E219DF2-315D-478E-8A07-8960C377CE1E}.Win32_DTWAINDLL_U_D|Win32.ActiveCfg = DebugU|Win32
		{9E219DF2-315D-478E-8A07-8960C377CE1E}.Win32_DTWAINDLL_U_D|Win32.Build.0 = DebugU|Win32
		{9E219DF2-315D-478E-8A07-8960C377CE1E}.Win32_DTWAINDLL_U_D|x64.ActiveCfg = DebugU|x64
		{9E219DF2-315D-478E-8A07-8960C377CE1E}.Win32_DTWAINDLL_U_D|x64.Build.0 = DebugU|x64
		{9E219DF2-315D-478E-8A07-8960C377CE1E}.Win32_DTWAINDLL_U|Win32.ActiveCfg = ReleaseU|Win32
		{9E219DF2-315D-478E-8A07-8960C377CE1E}.Win32_DTWAINDLL_U|Win32.Build.0 = ReleaseU|Win32
		{9E219DF2-315D-478E-8A07-8960C377CE1E}.Win32_DTWAINDLL_U|x64.ActiveCfg = DebugU|x64
		{9E219DF2-315D-478E-8A07-8960C377CE1E}.Win32_DTWAINDLL_U|x64.Build.0 = DebugU|x64
		{9E219DF2-315D-478E-8A07-8960C377CE1E}.Win32_DTWAINDLL|Win32.ActiveCfg = Release|Win32
		{9E219DF2-315D-478E-8A07-8960C377CE1E}.Win32_DTWAINDLL|Win32.Build.0 = Release|Win32
		{9E219DF2-315D-478E-8A07-8960C377CE1E}.Win32_DTWAINDLL|x64.ActiveCfg = DebugU|x64
		{9E219DF2-315D-478E-8A07-8960C377CE1E}.Win32_DTWAINDLL|x64.Build.0 = DebugU|x64
		{9E219DF2-315D-478E-8A07-8960C377CE1E}.Win64_DTWAINDLL_D|Win32.ActiveCfg = Debug|Win32
		{9E219DF2-315D-478E-8A07-8960C377CE1E}.Win64_DTWAINDLL_D|Win32.Build.0 = Debug|Win32
		{9E219DF2-315D-478E-8A07-8960C377CE1E}.Win64_DTWAINDLL_D|x64.ActiveCfg = Debug|x64
		{9E219DF2-315D-478E-8A07-8960C377CE1E}.Win64_DTWAINDLL_D|x64.Build.0 = Debug|x64
		{9E219DF2-315D-478E-8A07-8960C377CE1E}.Win64_DTWAINDLL_U_D|Win32.ActiveCfg = Debug|Win32
		{9E219DF2-315D-478E-8A07-8960C377CE1E}.Win64_DTWAINDLL_U_D|Win32.Build.0 = Debug|Win32
		{9E219DF2-315D-478E-8A07-8960C377CE1E}.Win64_DTWAINDLL_U_D|x64.ActiveCfg = DebugU|x64
		{9E219DF2-315D-478E-8A07-8960C377CE1E}.Win64_DTWAINDLL_U_D|x64.Build.0 = DebugU|x64
		{9E219DF2-315D-478E-8A07-8960C377CE1E}.Win64_DTWAINDLL_U|Win32.ActiveCfg = Debug|Win32
		{9E219DF2-315D-478E-8A07-8960C377CE1E}.Win64_DTWAINDLL_U|Win32.Build.0 = Debug|Win32
		{9E219DF2-315D-478E-8A07-8960C377CE1E}.Win64_DTWAINDLL_U|x64.ActiveCfg = ReleaseU|x64
		{9E219DF2-315D-478E-8A07-8960C377CE1E}.Win64_DTWAINDLL_U|x64.Build.0 = ReleaseU|x64
		{9E219DF2-315D-478E-8A07-8960C377CE1E}.Win64_DTWAINDLL|Win32.ActiveCfg = Debug|Win32
		{9E219DF2-315D-478E-8A07-8960C377CE1E}.Win64_DTWAINDLL|Win32.Build.0 = Debug|Win32
		{9E219DF2-315D-478E-8A07-8960C377CE1E}.Win64_DTWAINDLL|x64.ActiveCfg = Release|x64
		{9E219DF2-315D-478E-8A07-8960C377CE1E}.Win64_DTWAINDLL|x64.Build.0 = Release|x64
		{5E1D4E5F-E10C-4BA3-B663-F33014FD21D9}.Win32_DTWAINDLL_D|Win32.ActiveCfg = Debug|Win32
		{5E1D4E5F-E10C-4BA3-B663-F33014FD21D9}.Win32_DTWAINDLL_D|Win32.Build.0 = Debug|Win32
		{5E1D4E5F-E10C-4BA3-B663-F33014FD21D9}.Win32_DTWAINDLL_D|x64.ActiveCfg = DebugU|x64
		{5E1D4E5F-E10C-4BA3-B663-F33014FD21D9}.Win32_DTWAINDLL_D|x64.Build.0 = DebugU|x64
		{5E1D4E5F-E10C-4BA3-B663-F33014FD21D9}.Win32_DTWAINDLL_U_D|Win32.ActiveCfg = DebugU|Win32
		{5E1D4E5F-E10C-4BA3-B663-F33014FD21D9}.Win32_DTWAINDLL_U_D|Win32.Build.0 = DebugU|Win32
		{5E1D4E5F-E10C-4BA3-B663-F33014FD21D9}.Win32_DTWAINDLL_U_D|x64.ActiveCfg = DebugU|x64
		{5E1D4E5F-E10C-4BA3-B663-F33014FD21D9}.Win32_DTWAINDLL_U_D|x64.Build.0 = DebugU|x64
		{5E1D4E5F-E10C-4BA3-B663-F33014FD21D9}.Win32_DTWAINDLL_U|Win32.ActiveCfg = ReleaseU|Win32
		{5E1D4E5F-E10C-4BA3-B663-F33014FD21D9}.Win32_DTWAINDLL_U|Win32.Build.0 = ReleaseU|Win32
		{5E1D4E5F-E10C-4BA3-B663-F33014FD21D9}.Win32_DTWAINDLL_U|x64.ActiveCfg = DebugU|x64
		{5E1D4E5F-E10C-4BA3-B663-F33014FD21D9}.Win32_DTWAINDLL_U|x64.Build.0 = DebugU|x64
		{5E1D4E5F-E10C-4BA3-B663-F33014FD21D9}.Win32_DTWAINDLL|Win32.ActiveCfg = Release|Win32
		{5E1D4E5F-E10C-4BA3-B663-F33014FD21D9}.Win32_DTWAINDLL|Win32.Build.0 = Release|Win32
		{5E1D4E5F-E10C-4BA3-B663-F33014FD21D9}.Win32_DTWAINDLL|x64.ActiveCfg = DebugU|x64
		{5E1D4E5F-E10C-4BA3-B663-F33014FD21D9}.Win32_DTWAINDLL|x64.Build.0 = DebugU|x64
		{5E1D4E5F-E10C-4BA3-B663-F33014FD21D9}.Win64_DTWAINDLL_D|Win32.ActiveCfg = Debug|Win32
		{5E1D4E5F-E10C-4BA3-B663-F33014FD21D9}.Win64_DTWAINDLL_D|Win32.Build.0 = Debug|Win32
		{5E1D4E5F-E10C-4BA3-B663-F33014FD21D9}.Win64_DTWAINDLL_D|x64.ActiveCfg = Debug|x64
		{5E1D4E5F-E10C-4BA3-B663-F33014FD21D9}.Win64_DTWAINDLL_D|x64.Build.0 = Debug|x64
		{5E1D4E5F-E10C-4BA3-B663-F33014FD21D9}.Win64_DTWAINDLL_U_D|Win32.ActiveCfg = Debug|Win32
		{5E1D4E5F-E10C-4BA3-B663-F33014FD21D9}.Win64_DTWAINDLL_U_D|Win32.Build.0 = Debug|Win32
		{5E1D4E5F-E10C-4BA3-B663-F33014FD21D9}.Win64_DTWAINDLL_U_D|x64.ActiveCfg = DebugU|x64
		{5E1D4E5F-E10C-4BA3-B663-F33014FD21D9}.Win64_DTWAINDLL_U_D|x64.Build.0 = DebugU|x64
		{5E1D4E5F-E10C-4BA3-B663-F33014FD21D9}.Win64_DTWAINDLL_U|Win32.ActiveCfg = Debug|Win32
		{5E1D4E5F-E10C-4BA3-B663-F33014FD21D9}.Win64_DTWAINDLL_U|Win32.Build.0 = Debug|Win32
		{5E1D4E5F-E10C-4BA3-B663-F33014FD21D9}.Win64_DTWAINDLL_U|x64.ActiveCfg = ReleaseU|x64
		{5E1D4E5F-E10C-4BA3-B663-F33014FD21D9}.Win64_DTWAINDLL_U|x64.Build.0 = ReleaseU|x64
		{5E1D4E5F-E10C-4BA3-B663-F33014FD21D9}.Win64_DTWAINDLL|Win32.ActiveCfg = Debug|Win32
		{5E1D4E5F-E10C-4BA3-B663-F33014FD21D9}.Win64_DTWAINDLL|Win32.Build.0 = Debug|Win32
		{5E1D4E5F-E10C-4BA3-B663-F33014FD21D9}.Win64_DTWAINDLL|x64.ActiveCfg = Release|x64
		{5E1D4E5F-E10C-4BA3-B663-F33014FD21D9}.Win64_DTWAINDLL|x64.Build.0 = Release|x64
		{E3536C28-A7F1-4B53-8E52-7D2232F9E098}.Win32_DTWAINDLL_D|Win32.ActiveCfg = Debug|Win32
		{E3536C28-A7F1-4B53-8E52-7D2232F9E098}.Win32_DTWAINDLL_D|Win32.Build.0 = Debug|Win32
		{E3536C28-A7F1-4B53-8E52-7D2232F9E098}.Win32_DTWAINDLL_D|x64.ActiveCfg = DebugU|x64
		{E3536C28-A7F1-4B53-8E52-7D2232F9E098}.Win32_DTWAINDLL_D|x64.Build.0 = DebugU|x64
		{E3536C28-A7F1-4B53-8E52-7D2232F9E098}.Win32_DTWAINDLL_U_D|Win32.ActiveCfg = DebugU|Win32
		{E3536C28-A7F1-4B53-8E52-7D2232F9E098}.Win32_DTWAINDLL_U_D|Win32.Build.0 = DebugU|Win32
		{E3536C28-A7F1-4B53-8E52-7D2232F9E098}.Win32_DTWAINDLL_U_D|x64.ActiveCfg = DebugU|x64
		{E3536C28-A7F1-4B53-8E52-7D2232F9E098}.Win32_DTWAINDLL_U_D|x64.Build.0 = DebugU|x64
		{E3536C28-A7F1-4B53-8E52-7D2232F9E098}.Win32_DTWAINDLL_U|Win32.ActiveCfg = ReleaseU|Win32
		{E3536C28-A7F1-4B53-8E52-7D2232F9E098}.Win32_DTWAINDLL_U|Win32.Build.0 = ReleaseU|Win32
		{E3536C28-A7F1-4B53-8E52-7D2232F9E098}.Win32_DTWAINDLL_U|x64.ActiveCfg = DebugU|x64
		{E3536C28-A7F1-4B53-8E52-7D2232F9E098}.Win32_DTWAINDLL_U|x64.Build.0 = DebugU|x64
		{E3536C28-A7F1-4B53-8E52-7D2232F9E098}.Win32_DTWAINDLL|Win32.ActiveCfg = Release|Win32
		{E3536C28-A7F1-4B53-8E52-7D2232F9E098}.Win32_DTWAINDLL|Win32.Build.0 = Release|Win32
		{E3536C28-A7F1-4B53-8E52-7D2232F9E098}.Win32_DTWAINDLL|x64.ActiveCfg = DebugU|x64
		{E3536C28-A7F1-4B53-8E52-7D2232F9E098}.Win32_DTWAINDLL|x64.Build.0 = DebugU|x64
		{E3536C28-A7F1-4B53-8E52-7D2232F9E098}.Win64_DTWAINDLL_D|Win32.ActiveCfg = Debug|Win32
		{E3536C28-A7F1-4B53-8E52-7D2232F9E098}.Win64_DTWAINDLL_D|Win32.Build.0 = Debug|Win32
		{E3536C28-A7F1-4B53-8E52-7D2232F9E098}.Win64_DTWAINDLL_D|x64.ActiveCfg = Debug|x64
		{E3536C28-A7F1-4B53-8E52-7D2232F9E098}.Win64_DTWAINDLL_D|x64.Build.0 = Debug|x64
		{E3536C28-A7F1-4B53-8E52-7D2232F9E098}.Win64_DTWAINDLL_U_D|Win32.ActiveCfg = Debug|Win32
		{E3536C28-A7F1-4B53-8E52-7D2232F9E098}.Win64_DTWAINDLL_U_D|Win32.Build.0 = Debug|Win32
		{E3536C28-A7F1-4B53-8E52-7D2232F9E098}.Win64_DTWAINDLL_U_D|x64.ActiveCfg = DebugU|x64
		{E3536C28-A7F1-4B53-8E52-7D2232F9E098}.Win64_DTWAINDLL_U_D|x64.Build.0 = DebugU|x64
		{E3536C28-A7F1-4B53-8E52-7D2232F9E098}.Win64_DTWAINDLL_U|Win32.ActiveCfg = Debug|Win32
		{E3536C28-A7F1-4B53-8E52-7D2232F9E098}.Win64_DTWAINDLL_U|Win32.Build.0 = Debug|Win32
		{E3536C28-A7F1-4B53-8E52-7D2232F9E098}.Win64_DTWAINDLL_U|x64.ActiveCfg = ReleaseU|x64
		{E3536C28-A7F1-4B53-8E52-7D2232F9E098}.Win64_DTWAINDLL_U|x64.Build.0 = ReleaseU|x64
		{E3536C28-A7F1-4B53-8E52-7D2232F9E098}.Win64_DTWAINDLL|Win32.ActiveCfg = Debug|Win32
		{E3536C28-A7F1-4B53-8E52-7D2232F9E098}.Win64_DTWAINDLL|Win32.Build.0 = Debug|Win32
		{E3536C28-A7F1-4B53-8E52-7D2232F9E098}.Win64_DTWAINDLL|x64.ActiveCfg = Release|x64
		{E3536C28-A7F1-4B53-8E52-7D2232F9E098}.Win64_DTWAINDLL|x64.Build.0 = Release|x64
		{7DB10B50-CE00-4D7A-B322-6824F05D2FCB}.Win32_DTWAINDLL_D|Win32.ActiveCfg = Debug|Win32
		{7DB10B50-CE00-4D7A-B322-6824F05D2FCB}.Win32_DTWAINDLL_D|Win32.Build.0 = Debug|Win32
		{7DB10B50-CE00-4D7A-B322-6824F05D2FCB}.Win32_DTWAINDLL_D|x64.ActiveCfg = DebugU|x64
		{7DB10B50-CE00-4D7A-B322-6824F05D2FCB}.Win32_DTWAINDLL_D|x64.Build.0 = DebugU|x64
		{7DB10B50-CE00-4D7A-B322-6824F05D2FCB}.Win32_DTWAINDLL_U_D|Win32.ActiveCfg = DebugU|Win32
		{7DB10B50-CE00-4D7A-B322-6824F05D2FCB}.Win32_DTWAINDLL_U_D|Win32.Build.0 = DebugU|Win32
		{7DB10B50-CE00-4D7A-B322-6824F05D2FCB}.Win32_DTWAINDLL_U_D|x64.ActiveCfg = DebugU|x64
		{7DB10B50-CE00-4D7A-B322-6824F05D2FCB}.Win32_DTWAINDLL_U_D|x64.Build.0 = DebugU|x64
		{7DB10B50-CE00-4D7A-B322-6824F05D2FCB}.Win32_DTWAINDLL_U|Win32.ActiveCfg = ReleaseU|Win32
		{7DB10B50-CE00-4D7A-B322-6824F05D2FCB}.Win32_DTWAINDLL_U|Win32.Build.0 = ReleaseU|Win32
		{7DB10B50-CE00-4D7A-B322-6824F05D2FCB}.Win32_DTWAINDLL_U|x64.ActiveCfg = DebugU|x64
		{7DB10B50-CE00-4D7A-B322-6824F05D2FCB}.Win32_DTWAINDLL_U|x64.Build.0 = DebugU|x64
		{7DB10B50-CE00-4D7A-B322-6824F05D2FCB}.Win32_DTWAINDLL|Win32.ActiveCfg = Release|Win32
		{7DB10B50-CE00-4D7A-B322-6824F05D2FCB}.Win32_DTWAINDLL|Win32.Build.0 = Release|Win32
		{7DB10B50-CE00-4D7A-B322-6824F05D2FCB}.Win32_DTWAINDLL|x64.ActiveCfg = DebugU|x64
		{7DB10B50-CE00-4D7A-B322-6824F05D2FCB}.Win32_DTWAINDLL|x64.Build.0 = DebugU|x64
		{7DB10B50-CE00-4D7A-B322-6824F05D2FCB}.Win64_DTWAINDLL_D|Win32.ActiveCfg = Debug|Win32
		{7DB10B50-CE00-4D7A-B322-6824F05D2FCB}.Win64_DTWAINDLL_D|Win32.Build.0 = Debug|Win32
		{7DB10B50-CE00-4D7A-B322-6824F05D2FCB}.Win64_DTWAINDLL_D|x64.ActiveCfg = Debug|x64
		{7DB10B50-CE00-4D7A-B322-6824F05D2FCB}.Win64_DTWAINDLL_D|x64.Build.0 = Debug|x64
		{7DB10B50-CE00-4D7A-B322-6824F05D2FCB}.Win64_DTWAINDLL_U_D|Win32.ActiveCfg = Debug|Win32
		{7DB10B50-CE00-4D7A-B322-6824F05D2FCB}.Win64_DTWAINDLL_U_D|Win32.Build.0 = Debug|Win32
		{7DB10B50-CE00-4D7A-B322-6824F05D2FCB}.Win64_DTWAINDLL_U_D|x64.ActiveCfg = DebugU|x64
		{7DB10B50-CE00-4D7A-B322-6824F05D2FCB}.Win64_DTWAINDLL_U_D|x64.Build.0 = DebugU|x64
		{7DB10B50-CE00-4D7A-B322-6824F05D2FCB}.Win64_DTWAINDLL_U|Win32.ActiveCfg = Debug|Win32
		{7DB10B50-CE00-4D7A-B322-6824F05D2FCB}.Win64_DTWAINDLL_U|Win32.Build.0 = Debug|Win32
		{7DB10B50-CE00-4D7A-B322-6824F05D2FCB}.Win64_DTWAINDLL_U|x64.ActiveCfg = ReleaseU|x64
		{7DB10B50-CE00-4D7A-B322-6824F05D2FCB}.Win64_DTWAINDLL_U|x64.Build.0 = ReleaseU|x64
		{7DB10B50-CE00-4D7A-B322-6824F05D2FCB}.Win64_DTWAINDLL|Win32.ActiveCfg = Debug|Win32
		{7DB10B50-CE00-4D7A-B322-6824F05D2FCB}.Win64_DTWAINDLL|Win32.Build.0 = Debug|Win32
		{7DB10B50-CE00-4D7A-B322-6824F05D2FCB}.Win64_DTWAINDLL|x64.ActiveCfg = Release|x64
		{7DB10B50-CE00-4D7A-B322-6824F05D2FCB}.Win64_DTWAINDLL|x64.Build.0 = Release|x64
		{EC085CBD-E9C3-477F-9A97-CB9D5DA30E27}.Win32_DTWAINDLL_D|Win32.ActiveCfg = Debug|Win32
		{EC085CBD-E9C3-477F-9A97-CB9D5DA30E27}.Win32_DTWAINDLL_D|Win32.Build.0 = Debug|Win32
		{EC085CBD-E9C3-477F-9A97-CB9D5DA30E27}.Win32_DTWAINDLL_D|x64.ActiveCfg = DebugU|x64
		{EC085CBD-E9C3-477F-9A97-CB9D5DA30E27}.Win32_DTWAINDLL_D|x64.Build.0 = DebugU|x64
		{EC085CBD-E9C3-477F-9A97-CB9D5DA30E27}.Win32_DTWAINDLL_U_D|Win32.ActiveCfg = DebugU|Win32
		{EC085CBD-E9C3-477F-9A97-CB9D5DA30E27}.Win32_DTWAINDLL_U_D|Win32.Build.0 = DebugU|Win32
		{EC085CBD-E9C3-477F-9A97-CB9D5DA30E27}.Win32_DTWAINDLL_U_D|x64.ActiveCfg = DebugU|x64
		{EC085CBD-E9C3-477F-9A97-CB9D5DA30E27}.Win32_DTWAINDLL_U_D|x64.Build.0 = DebugU|x64
		{EC085CBD-E9C3-477F-9A97-CB9D5DA30E27}.Win32_DTWAINDLL_U|Win32.ActiveCfg = ReleaseU|Win32
		{EC085CBD-E9C3-477F-9A97-CB9D5DA30E27}.Win32_DTWAINDLL_U|Win32.Build.0 = ReleaseU|Win32
		{EC085CBD-E9C3-477F-9A97-CB9D5DA30E27}.Win32_DTWAINDLL_U|x64.ActiveCfg = DebugU|x64
		{EC085CBD-E9C3-477F-9A97-CB9D5DA30E27}.Win32_DTWAINDLL_U|x64.Build.0 = DebugU|x64
		{EC085CBD-E9C3-477F-9A97-CB9D5DA30E27}.Win32_DTWAINDLL|Win32.ActiveCfg = Release|Win32
		{EC085CBD-E9C3-477F-9A97-CB9D5DA30E27}.Win32_DTWAINDLL|Win32.Build.0 = Release|Win32
		{EC085CBD-E9C3-477F-9A97-CB9D5DA30E27}.Win32_DTWAINDLL|x64.ActiveCfg = DebugU|x64
		{EC085CBD-E9C3-477F-9A97-CB9D5DA30E27}.Win32_DTWAINDLL|x64.Build.0 = DebugU|x64
		{EC085CBD-E9C3-477F-9A97-CB9D5DA30E27}.Win64_DTWAINDLL_D|Win32.ActiveCfg = Debug|Win32
		{EC085CBD-E9C3-477F-9A97-CB9D5DA30E27}.Win64_DTWAINDLL_D|Win32.Build.0 = Debug|Win32
		{EC085CBD-E9C3-477F-9A97-CB9D5DA30E27}.Win64_DTWAINDLL_D|x64.ActiveCfg = Debug|x64
		{EC085CBD-E9C3-477F-9A97-CB9D5DA30E27}.Win64_DTWAINDLL_D|x64.Build.0 = Debug|x64
		{EC085CBD-E9C3-477F-9A97-CB9D5DA30E27}.Win64_DTWAINDLL_U_D|Win32.ActiveCfg = Debug|Win32
		{EC085CBD-E9C3-477F-9A97-CB9D5DA30E27}.Win64_DTWAINDLL_U_D|Win32.Build.0 = Debug|Win32
		{EC085CBD-E9C3-477F-9A97-CB9D5DA30E27}.Win64_DTWAINDLL_U_D|x64.ActiveCfg = DebugU|x64
		{EC085CBD-E9C3-477F-9A97-CB9D5DA30E27}.Win64_DTWAINDLL_U_D|x64.Build.0 = DebugU|x64
		{EC085CBD-E9C3-477F-9A97-CB9D5DA30E27}.Win64_DTWAINDLL_U|Win32.ActiveCfg = Debug|Win32
		{EC085CBD-E9C3-477F-9A97-CB9D5DA30E27}.Win64_DTWAINDLL_U|Win32.Build.0 = Debug|Win32
		{EC085CBD-E9C3-477F-9A97-CB9D5DA30E27}.Win64_DTWAINDLL_U|x64.ActiveCfg = ReleaseU|x64
		{EC085CBD-E9C3-477F-9A97-CB9D5DA30E27}.Win64_DTWAINDLL_U|x64.Build.0 = ReleaseU|x64
		{EC085CBD-E9C3-477F-9A97-CB9D5DA30E27}.Win64_DTWAINDLL|Win32.ActiveCfg = Debug|Win32
		{EC085CBD-E9C3-477F-9A97-CB9D5DA30E27}.Win64_DTWAINDLL|Win32.Build.0 = Debug|Win32
		{EC085CBD-E9C3-477F-9A97-CB9D5DA30E27}.Win64_DTWAINDLL|x64.ActiveCfg = Release|x64
		{EC085CBD-E9C3-477F-9A97-CB9D5DA30E27}.Win64_DTWAINDLL|x64.Build.0 = Release|x64
		{097D9F6C-FD0E-4CBC-9676-009012AAECA8}.Win32_DTWAINDLL_D|Win32.ActiveCfg = Debug|Win32
		{097D9F6C-FD0E-4CBC-9676-009012AAECA8}.Win32_DTWAINDLL_D|Win32.Build.0 = Debug|Win32
		{097D9F6C-FD0E-4CBC-9676-009012AAECA8}.Win32_DTWAINDLL_D|x64.ActiveCfg = DebugU|x64
		{097D9F6C-FD0E-4CBC-9676-009012AAECA8}.Win32_DTWAINDLL_D|x64.Build.0 = DebugU|x64
		{097D9F6C-FD0E-4CBC-9676-009012AAECA8}.Win32_DTWAINDLL_U_D|Win32.ActiveCfg = DebugU|Win32
		{097D9F6C-FD0E-4CBC-9676-009012AAECA8}.Win32_DTWAINDLL_U_D|Win32.Build.0 = DebugU|Win32
		{097D9F6C-FD0E-4CBC-9676-009012AAECA8}.Win32_DTWAINDLL_U_D|x64.ActiveCfg = DebugU|x64
		{097D9F6C-FD0E-4CBC-9676-009012AAECA8}.Win32_DTWAINDLL_U_D|x64.Build.0 = DebugU|x64
		{097D9F6C-FD0E-4CBC-9676-009012AAECA8}.Win32_DTWAINDLL_U|Win32.ActiveCfg = ReleaseU|Win32
		{097D9F6C-FD0E-4CBC-9676-009012AAECA8}.Win32_DTWAINDLL_U|Win32.Build.0 = ReleaseU|Win32
		{097D9F6C-FD0E-4CBC-9676-009012AAECA8}.Win32_DTWAINDLL_U|x64.ActiveCfg = DebugU|x64
		{097D9F6C-FD0E-4CBC-9676-009012AAECA8}.Win32_DTWAINDLL_U|x64.Build.0 = DebugU|x64
		{097D9F6C-FD0E-4CBC-9676-009012AAECA8}.Win32_DTWAINDLL|Win32.ActiveCfg = Release|Win32
		{097D9F6C-FD0E-4CBC-9676-009012AAECA8}.Win32_DTWAINDLL|Win32.Build.0 = Release|Win32
		{097D9F6C-FD0E-4CBC-9676-009012AAECA8}.Win32_DTWAINDLL|x64.ActiveCfg = DebugU|x64
		{097D9F6C-FD0E-4CBC-9676-009012AAECA8}.Win32_DTWAINDLL|x64.Build.0 = DebugU|x64
		{097D9F6C-FD0E-4CBC-9676-009012AAECA8}.Win64_DTWAINDLL_D|Win32.ActiveCfg = Debug|Win32
		{097D9F6C-FD0E-4CBC-9676-009012AAECA8}.Win64_DTWAINDLL_D|Win32.Build.0 = Debug|Win32
		{097D9F6C-FD0E-4CBC-9676-009012AAECA8}.Win64_DTWAINDLL_D|x64.ActiveCfg = Debug|x64
		{097D9F6C-FD0E-4CBC-9676-009012AAECA8}.Win64_DTWAINDLL_D|x64.Build.0 = Debug|x64
		{097D9F6C-FD0E-4CBC-9676-009012AAECA8}.Win64_DTWAINDLL_U_D|Win32.ActiveCfg = Debug|Win32
		{097D9F6C-FD0E-4CBC-9676-009012AAECA8}.Win64_DTWAINDLL_U_D|Win32.Build.0 = Debug|Win32
		{097D9F6C-FD0E-4CBC-9676-009012AAECA8}.Win64_DTWAINDLL_U_D|x64.ActiveCfg = DebugU|x64
		{097D9F6C-FD0E-4CBC-9676-009012AAECA8}.Win64_DTWAINDLL_U_D|x64.Build.0 = DebugU|x64
		{097D9F6C-FD0E-4CBC-9676-009012AAECA8}.Win64_DTWAINDLL_U|Win32.ActiveCfg = Debug|Win32
		{097D9F6C-FD0E-4CBC-9676-009012AAECA8}.Win64_DTWAINDLL_U|Win32.Build.0 = Debug|Win32
		{097D9F6C-FD0E-4CBC-9676-009012AAECA8}.Win64_DTWAINDLL_U|x64.ActiveCfg = ReleaseU|x64
		{097D9F6C-FD0E-4CBC-9676-009012AAECA8}.Win64_DTWAINDLL_U|x64.Build.0 = ReleaseU|x64
		{097D9F6C-FD0E-4CBC-9676-009012AAECA8}.Win64_DTWAINDLL|Win32.ActiveCfg = Debug|Win32
		{097D9F6C-FD0E-4CBC-9676-009012AAECA8}.Win64_DTWAINDLL|Win32.Build.0 = Debug|Win32
		{097D9F6C-FD0E-4CBC-9676-009012AAECA8}.Win64_DTWAINDLL|x64.ActiveCfg = Release|x64
		{097D9F6C-FD0E-4CBC-9676-009012AAECA8}.Win64_DTWAINDLL|x64.Build.0 = Release|x64
		{33134F61-C1AD-4B6F-9CEA-503A9F140C52}.Win32_DTWAINDLL_D|Win32.ActiveCfg = Debug|Win32
		{33134F61-C1AD-4B6F-9CEA-503A9F140C52}.Win32_DTWAINDLL_D|Win32.Build.0 = Debug|Win32
		{33134F61-C1AD-4B6F-9CEA-503A9F140C52}.Win32_DTWAINDLL_D|x64.ActiveCfg = DebugU|x64
		{33134F61-C1AD-4B6F-9CEA-503A9F140C52}.Win32_DTWAINDLL_D|x64.Build.0 = DebugU|x64
		{33134F61-C1AD-4B6F-9CEA-503A9F140C52}.Win32_DTWAINDLL_U_D|Win32.ActiveCfg = DebugU|Win32
		{33134F61-C1AD-4B6F-9CEA-503A9F140C52}.Win32_DTWAINDLL_U_D|Win32.Build.0 = DebugU|Win32
		{33134F61-C1AD-4B6F-9CEA-503A9F140C52}.Win32_DTWAINDLL_U_D|x64.ActiveCfg = DebugU|x64
		{33134F61-C1AD-4B6F-9CEA-503A9F140C52}.Win32_DTWAINDLL_U_D|x64.Build.0 = DebugU|x64
		{33134F61-C1AD-4B6F-9CEA-503A9F140C52}.Win32_DTWAINDLL_U|Win32.ActiveCfg = ReleaseU|Win32
		{33134F61-C1AD-4B6F-9CEA-503A9F140C52}.Win32_DTWAINDLL_U|Win32.Build.0 = ReleaseU|Win32
		{33134F61-C1AD-4B6F-9CEA-503A9F140C52}.Win32_DTWAINDLL_U|x64.ActiveCfg = DebugU|x64
		{33134F61-C1AD-4B6F-9CEA-503A9F140C52}.Win32_DTWAINDLL_U|x64.Build.0 = DebugU|x64
		{33134F61-C1AD-4B6F-9CEA-503A9F140C52}.Win32_DTWAINDLL|Win32.ActiveCfg = Release|Win32
		{33134F61-C1AD-4B6F-9CEA-503A9F140C52}.Win32_DTWAINDLL|Win32.Build.0 = Release|Win32
		{33134F61-C1AD-4B6F-9CEA-503A9F140C52}.Win32_DTWAINDLL|x64.ActiveCfg = DebugU|x64
		{33134F61-C1AD-4B6F-9CEA-503A9F140C52}.Win32_DTWAINDLL|x64.Build.0 = DebugU|x64
		{33134F61-C1AD-4B6F-9CEA-503A9F140C52}.Win64_DTWAINDLL_D|Win32.ActiveCfg = Debug|Win32
		{33134F61-C1AD-4B6F-9CEA-503A9F140C52}.Win64_DTWAINDLL_D|Win32.Build.0 = Debug|Win32
		{33134F61-C1AD-4B6F-9CEA-503A9F140C52}.Win64_DTWAINDLL_D|x64.ActiveCfg = Debug|x64
		{33134F61-C1AD-4B6F-9CEA-503A9F140C52}.Win64_DTWAINDLL_D|x64.Build.0 = Debug|x64
		{33134F61-C1AD-4B6F-9CEA-503A9F140C52}.Win64_DTWAINDLL_U_D|Win32.ActiveCfg = Debug|Win32
		{33134F61-C1AD-4B6F-9CEA-503A9F140C52}.Win64_DTWAINDLL_U_D|Win32.Build.0 = Debug|Win32
		{33134F61-C1AD-4B6F-9CEA-503A9F140C52}.Win64_DTWAINDLL_U_D|x64.ActiveCfg = DebugU|x64
		{33134F61-C1AD-4B6F-9CEA-503A9F140C52}.Win64_DTWAINDLL_U_D|x64.Build.0 = DebugU|x64
		{33134F61-C1AD-4B6F-9CEA-503A9F140C52}.Win64_DTWAINDLL_U|Win32.ActiveCfg = Debug|Win32
		{33134F61-C1AD-4B6F-9CEA-503A9F140C52}.Win64_DTWAINDLL_U|Win32.Build.0 = Debug|Win32
		{33134F61-C1AD-4B6F-9CEA-503A9F140C52}.Win64_DTWAINDLL_U|x64.ActiveCfg = ReleaseU|x64
		{33134F61-C1AD-4B6F-9CEA-503A9F140C52}.Win64_DTWAINDLL_U|x64.Build.0 = ReleaseU|x64
		{33134F61-C1AD-4B6F-9CEA-503A9F140C52}.Win64_DTWAINDLL|Win32.ActiveCfg = Debug|Win32
		{33134F61-C1AD-4B6F-9CEA-503A9F140C52}.Win64_DTWAINDLL|Win32.Build.0 = Debug|Win32
		{33134F61-C1AD-4B6F-9CEA-503A9F140C52}.Win64_DTWAINDLL|x64.ActiveCfg = Release|x64
		{33134F61-C1AD-4B6F-9CEA-503A9F140C52}.Win64_DTWAINDLL|x64.Build.0 = Release|x64
		{C39F4B46-6E89-4074-902E-CA57073044D2}.Win32_DTWAINDLL_D|Win32.ActiveCfg = Debug|Win32
		{C39F4B46-6E89-4074-902E-CA57073044D2}.Win32_DTWAINDLL_D|Win32.Build.0 = Debug|Win32
		{C39F4B46-6E89-4074-902E-CA57073044D2}.Win32_DTWAINDLL_D|x64.ActiveCfg = DebugU|x64
		{C39F4B46-6E89-4074-902E-CA57073044D2}.Win32_DTWAINDLL_D|x64.Build.0 = DebugU|x64
		{C39F4B46-6E89-4074-902E-CA57073044D2}.Win32_DTWAINDLL_U_D|Win32.ActiveCfg = DebugU|Win32
		{C39F4B46-6E89-4074-902E-CA57073044D2}.Win32_DTWAINDLL_U_D|Win32.Build.0 = DebugU|Win32
		{C39F4B46-6E89-4074-902E-CA57073044D2}.Win32_DTWAINDLL_U_D|x64.ActiveCfg = DebugU|x64
		{C39F4B46-6E89-4074-902E-CA57073044D2}.Win32_DTWAINDLL_U_D|x64.Build.0 = DebugU|x64
		{C39F4B46-6E89-4074-902E-CA57073044D2}.Win32_DTWAINDLL_U|Win32.ActiveCfg = ReleaseU|Win32
		{C39F4B46-6E89-4074-902E-CA57073044D2}.Win32_DTWAINDLL_U|Win32.Build.0 = ReleaseU|Win32
		{C39F4B46-6E89-4074-902E-CA57073044D2}.Win32_DTWAINDLL_U|x64.ActiveCfg = DebugU|x64
		{C39F4B46-6E89-4074-902E-CA57073044D2}.Win32_DTWAINDLL_U|x64.Build.0 = DebugU|x64
		{C39F4B46-6E89-4074-902E-CA57073044D2}.Win32_DTWAINDLL|Win32.ActiveCfg = Release|Win32
		{C39F4B46-6E89-4074-902E-CA57073044D2}.Win32_DTWAINDLL|Win32.Build.0 = Release|Win32
		{C39F4B46-6E89-4074-902E-CA57073044D2}.Win32_DTWAINDLL|x64.ActiveCfg = DebugU|x64
		{C39F4B46-6E89-4074-902E-CA57073044D2}.Win32_DTWAINDLL|x64.Build.0 = DebugU|x64
		{C39F4B46-6E89-4074-902E-CA57073044D2}.Win64_DTWAINDLL_D|Win32.ActiveCfg = Debug|Win32
		{C39F4B46-6E89-4074-902E-CA57073044D2}.Win64_DTWAINDLL_D|Win32.Build.0 = Debug|Win32
		{C39F4B46-6E89-4074-902E-CA57073044D2}.Win64_DTWAINDLL_D|x64.ActiveCfg = Debug|x64
		{C39F4B46-6E89-4074-902E-CA57073044D2}.Win64_DTWAINDLL_D|x64.Build.0 = Debug|x64
		{C39F4B46-6E89-4074-902E-CA57073044D2}.Win64_DTWAINDLL_U_D|Win32.ActiveCfg = Debug|Win32
		{C39F4B46-6E89-4074-902E-CA57073044D2}.Win64_DTWAINDLL_U_D|Win32.Build.0 = Debug|Win32
		{C39F4B46-6E89-4074-902E-CA57073044D2}.Win64_DTWAINDLL_U_D|x64.ActiveCfg = DebugU|x64
		{C39F4B46-6E89-4074-902E-CA57073044D2}.Win64_DTWAINDLL_U_D|x64.Build.0 = DebugU|x64
		{C39F4B46-6E89-4074-902E-CA57073044D2}.Win64_DTWAINDLL_U|Win32.ActiveCfg = Debug|Win32
		{C39F4B46-6E89-4074-902E-CA57073044D2}.Win64_DTWAINDLL_U|Win32.Build.0 = Debug|Win32
		{C39F4B46-6E89-4074-902E-CA57073044D2}.Win64_DTWAINDLL_U|x64.ActiveCfg = ReleaseU|x64
		{C39F4B46-6E89-4074-902E-CA57073044D2}.Win64_DTWAINDLL_U|x64.Build.0 = ReleaseU|x64
		{C39F4B46-6E89-4074-902E-CA57073044D2}.Win64_DTWAINDLL|Win32.ActiveCfg = Debug|Win32
		{C39F4B46-6E89-4074-902E-CA57073044D2}.Win64_DTWAINDLL|Win32.Build.0 = Debug|Win32
		{C39F4B46-6E89-4074-902E-CA57073044D2}.Win64_DTWAINDLL|x64.ActiveCfg = Release|x64
		{C39F4B46-6E89-4074-902E-CA57073044D2}.Win64_DTWAINDLL|x64.Build.0 = Release|x64
		{C9174FAA-B3D0-4732-9A9B-283441477092}.Win32_DTWAINDLL_D|Win32.ActiveCfg = Win32_DTWAINDLL_D|Win32
		{C9174FAA-B3D0-4732-9A9B-283441477092}.Win32_DTWAINDLL_D|Win32.Build.0 = Win32_DTWAINDLL_D|Win32
		{C9174FAA-B3D0-4732-9A9B-283441477092}.Win32_DTWAINDLL_D|x64.ActiveCfg = Win32_DTWAINDLL_D|Win32
		{C9174FAA-B3D0-4732-9A9B-283441477092}.Win32_DTWAINDLL_U_D|Win32.ActiveCfg = Win32_DTWAINDLL_U_D|Win32
		{C9174FAA-B3D0-4732-9A9B-283441477092}.Win32_DTWAINDLL_U_D|Win32.Build.0 = Win32_DTWAINDLL_U_D|Win32
		{C9174FAA-B3D0-4732-9A9B-283441477092}.Win32_DTWAINDLL_U_D|x64.ActiveCfg = Win32_DTWAINDLL_U_D|Win32
		{C9174FAA-B3D0-4732-9A9B-283441477092}.Win32_DTWAINDLL_U|Win32.ActiveCfg = Win32_DTWAINDLL_U|Win32
		{C9174FAA-B3D0-4732-9A9B-283441477092}.Win32_DTWAINDLL_U|Win32.Build.0 = Win32_DTWAINDLL_U|Win32
		{C9174FAA-B3D0-4732-9A9B-283441477092}.Win32_DTWAINDLL_U|x64.ActiveCfg = Win32_DTWAINDLL_U|Win32
		{C9174FAA-B3D0-4732-9A9B-283441477092}.Win32_DTWAINDLL|Win32.ActiveCfg = WIN32_DTWAINDLL|Win32
		{C9174FAA-B3D0-4732-9A9B-283441477092}.Win32_DTWAINDLL|Win32.Build.0 = WIN32_DTWAINDLL|Win32
		{C9174FAA-B3D0-4732-9A9B-283441477092}.Win32_DTWAINDLL|x64.ActiveCfg = WIN32_DTWAINDLL|Win32
		{C9174FAA-B3D0-4732-9A9B-283441477092}.Win64_DTWAINDLL_D|Win32.ActiveCfg = Win64_DTWAINDLL_D|x64
		{C9174FAA-B3D0-4732-9A9B-283441477092}.Win64_DTWAINDLL_D|x64.ActiveCfg = Win64_DTWAINDLL_D|x64
		{C9174FAA-B3D0-4732-9A9B-283441477092}.Win64_DTWAINDLL_D|x64.Build.0 = Win64_DTWAINDLL_D|x64
		{C9174FAA-B3D0-4732-9A9B-283441477092}.Win64_DTWAINDLL_U_D|Win32.ActiveCfg = Win64_DTWAINDLL_U_D|x64
		{C9174FAA-B3D0-4732-9A9B-283441477092}.Win64_DTWAINDLL_U_D|x64.ActiveCfg = Win64_DTWAINDLL_U_D|x64
		{C9174FAA-B3D0-4732-9A9B-283441477092}.Win64_DTWAINDLL_U_D|x64.Build.0 = Win64_DTWAINDLL_U_D|x64
		{C9174FAA-B3D0-4732-9A9B-283441477092}.Win64_DTWAINDLL_U|Win32.ActiveCfg = Win64_DTWAINDLL_U|x64
		{C9174FAA-B3D0-4732-9A9B-283441477092}.Win64_DTWAINDLL_U|x64.ActiveCfg = Win64_DTWAINDLL_U|x64
		{C9174FAA-B3D0-4732-9A9B-283441477092}.Win64_DTWAINDLL_U|x64.Build.0 = Win64_DTWAINDLL_U|x64
		{C9174FAA-B3D0-4732-9A9B-283441477092}.Win64_DTWAINDLL|Win32.ActiveCfg = Win64_DTWAINDLL|x64
		{C9174FAA-B3D0-4732-9A9B-283441477092}.Win64_DTWAINDLL|x64.ActiveCfg = Win64_DTWAINDLL|x64
		{C9174FAA-B3D0-4732-9A9B-283441477092}.Win64_DTWAINDLL|x64.Build.0 = Win64_DTWAINDLL|x64
	EndGlobalSection
	GlobalSection(SolutionProperties) = preSolution
		HideSolutionNode = FALSE
	EndGlobalSection
	GlobalSection(NestedProjects) = preSolution
		{CCA03A98-B8AB-41CA-985F-4100371FE5ED} = {E9BD1B67-D11D-4403-9D3C-76832FCC81EA}
		{9E219DF2-315D-478E-8A07-8960C377CE1E} = {CF6E57BB-B43C-4DB4-AE6C-8A5A5BD71691}
		{5E1D4E5F-E10C-4BA3-B663-F33014FD21D9} = {CF6E57BB-B43C-4DB4-AE6C-8A5A5BD71691}
		{E3536C28-A7F1-4B53-8E52-7D2232F9E098} = {CF6E57BB-B43C-4DB4-AE6C-8A5A5BD71691}
		{7DB10B50-CE00-4D7A-B322-6824F05D2FCB} = {CF6E57BB-B43C-4DB4-AE6C-8A5A5BD71691}
		{EC085CBD-E9C3-477F-9A97-CB9D5DA30E27} = {CF6E57BB-B43C-4DB4-AE6C-8A5A5BD71691}
		{097D9F6C-FD0E-4CBC-9676-009012AAECA8} = {CF6E57BB-B43C-4DB4-AE6C-8A5A5BD71691}
		{33134F61-C1AD-4B6F-9CEA-503A9F140C52} = {CF6E57BB-B43C-4DB4-AE6C-8A5A5BD71691}
		{EF6B627C-B730-47AB-927D-74AE7E36BFBB} = {E9BD1B67-D11D-4403-9D3C-76832FCC81EA}
		{C39F4B46-6E89-4074-902E-CA57073044D2} = {EF6B627C-B730-47AB-927D-74AE7E36BFBB}
		{CF6E57BB-B43C-4DB4-AE6C-8A5A5BD71691} = {E9BD1B67-D11D-4403-9D3C-76832FCC81EA}
		{A8735953-53A3-4A2D-BABC-9DD793265C68} = {E9BD1B67-D11D-4403-9D3C-76832FCC81EA}
		{C9174FAA-B3D0-4732-9A9B-283441477092} = {A8735953-53A3-4A2D-BABC-9DD793265C68}
	EndGlobalSection
	GlobalSection(ExtensibilityGlobals) = postSolution
		SolutionGuid = {A3268869-CD1C-448F-891B-2C1A8A17096B}
	EndGlobalSection
EndGlobal
